
Microsoft Visual Studio Solution File, Format Version 12.00
# Visual Studio 15
VisualStudioVersion = 15.0.26430.6
MinimumVisualStudioVersion = 10.0.40219.1
Project("{FAE04EC0-301F-11D3-BF4B-00C04F79EFBC}") = "Cents_To_Change", "Cents_To_Change\Cents_To_Change.csproj", "{1AEEAFFC-85AD-4CA8-BCAD-4F8A35C7096B}"
EndProject
Global
	GlobalSection(SolutionConfigurationPlatforms) = preSolution
		Debug|Any CPU = Debug|Any CPU
		Release|Any CPU = Release|Any CPU
	EndGlobalSection
	GlobalSection(ProjectConfigurationPlatforms) = postSolution
		{1AEEAFFC-85AD-4CA8-BCAD-4F8A35C7096B}.Debug|Any CPU.ActiveCfg = Debug|Any CPU
		{1AEEAFFC-85AD-4CA8-BCAD-4F8A35C7096B}.Debug|Any CPU.Build.0 = Debug|Any CPU
		{1AEEAFFC-85AD-4CA8-BCAD-4F8A35C7096B}.Release|Any CPU.ActiveCfg = Release|Any CPU
		{1AEEAFFC-85AD-4CA8-BCAD-4F8A35C7096B}.Release|Any CPU.Build.0 = Release|Any CPU
	EndGlobalSection
	GlobalSection(SolutionProperties) = preSolution
		HideSolutionNode = FALSE
	EndGlobalSection
EndGlobal
